// !$*UTF8*$!
{
	archiveVersion = 1;
	classes = {
	};
	objectVersion = 51;
	objects = {

/* Begin PBXBuildFile section */
		43BD7C7624177668AC4BDF96 /* Pods_EhB_IOS_Werkstuk2.framework in Frameworks */ = {isa = PBXBuildFile; fileRef = 13F4D8D46EE34113C9900E73 /* Pods_EhB_IOS_Werkstuk2.framework */; };
		8E09538C265E9D4E005E1F59 /* HomeViewController.swift in Sources */ = {isa = PBXBuildFile; fileRef = 8E09538B265E9D4E005E1F59 /* HomeViewController.swift */; };
		8E0953AE265EA572005E1F59 /* belgiumLow.svg in Resources */ = {isa = PBXBuildFile; fileRef = 8E0953AD265EA572005E1F59 /* belgiumLow.svg */; };
		8E0953B1265FAF6F005E1F59 /* CovidData.swift in Sources */ = {isa = PBXBuildFile; fileRef = 8E0953B0265FAF6F005E1F59 /* CovidData.swift */; };
		8E09762C2662B5DF008ACE8A /* CentrumViewController.swift in Sources */ = {isa = PBXBuildFile; fileRef = 8E09762B2662B5DF008ACE8A /* CentrumViewController.swift */; };
		8E46AD8B2663AF6C0031557C /* covidFAQ.json in Resources */ = {isa = PBXBuildFile; fileRef = 8E46AD8A2663AF6C0031557C /* covidFAQ.json */; };
		8E46AD902663BAE70031557C /* FAQTableViewController.swift in Sources */ = {isa = PBXBuildFile; fileRef = 8E46AD8F2663BAE70031557C /* FAQTableViewController.swift */; };
		8ECDA2AB2662790F0019B281 /* FAQViewController.swift in Sources */ = {isa = PBXBuildFile; fileRef = 8ECDA2AA2662790F0019B281 /* FAQViewController.swift */; };
		8ECDA2AF26627FF40019B281 /* VaccinesViewController.swift in Sources */ = {isa = PBXBuildFile; fileRef = 8ECDA2AE26627FF40019B281 /* VaccinesViewController.swift */; };
		8EE9340326600243006C87C8 /* Utils.swift in Sources */ = {isa = PBXBuildFile; fileRef = 8EE9340226600243006C87C8 /* Utils.swift */; };
		8EE9340626612CF2006C87C8 /* ImportDataPopupViewController.swift in Sources */ = {isa = PBXBuildFile; fileRef = 8EE9340526612CF2006C87C8 /* ImportDataPopupViewController.swift */; };
		8EF93862265E83A500B3BE82 /* AppDelegate.swift in Sources */ = {isa = PBXBuildFile; fileRef = 8EF93861265E83A500B3BE82 /* AppDelegate.swift */; };
		8EF93864265E83A500B3BE82 /* SceneDelegate.swift in Sources */ = {isa = PBXBuildFile; fileRef = 8EF93863265E83A500B3BE82 /* SceneDelegate.swift */; };
		8EF93866265E83A500B3BE82 /* RootTabBarController.swift in Sources */ = {isa = PBXBuildFile; fileRef = 8EF93865265E83A500B3BE82 /* RootTabBarController.swift */; };
		8EF93869265E83A500B3BE82 /* Main.storyboard in Resources */ = {isa = PBXBuildFile; fileRef = 8EF93867265E83A500B3BE82 /* Main.storyboard */; };
		8EF9386C265E83A500B3BE82 /* EhB_IOS_Werkstuk2.xcdatamodeld in Sources */ = {isa = PBXBuildFile; fileRef = 8EF9386A265E83A500B3BE82 /* EhB_IOS_Werkstuk2.xcdatamodeld */; };
		8EF9386E265E83A700B3BE82 /* Assets.xcassets in Resources */ = {isa = PBXBuildFile; fileRef = 8EF9386D265E83A700B3BE82 /* Assets.xcassets */; };
		8EF93871265E83A700B3BE82 /* LaunchScreen.storyboard in Resources */ = {isa = PBXBuildFile; fileRef = 8EF9386F265E83A700B3BE82 /* LaunchScreen.storyboard */; };
/* End PBXBuildFile section */

/* Begin PBXFileReference section */
		017F1BB8B52F5CD71D6CC70D /* Pods-EhB-IOS-Werkstuk2.release.xcconfig */ = {isa = PBXFileReference; includeInIndex = 1; lastKnownFileType = text.xcconfig; name = "Pods-EhB-IOS-Werkstuk2.release.xcconfig"; path = "Target Support Files/Pods-EhB-IOS-Werkstuk2/Pods-EhB-IOS-Werkstuk2.release.xcconfig"; sourceTree = "<group>"; };
		13F4D8D46EE34113C9900E73 /* Pods_EhB_IOS_Werkstuk2.framework */ = {isa = PBXFileReference; explicitFileType = wrapper.framework; includeInIndex = 0; path = Pods_EhB_IOS_Werkstuk2.framework; sourceTree = BUILT_PRODUCTS_DIR; };
		4CB152CB7AB265F0E29B17F7 /* Pods-EhB-IOS-Werkstuk2.debug.xcconfig */ = {isa = PBXFileReference; includeInIndex = 1; lastKnownFileType = text.xcconfig; name = "Pods-EhB-IOS-Werkstuk2.debug.xcconfig"; path = "Target Support Files/Pods-EhB-IOS-Werkstuk2/Pods-EhB-IOS-Werkstuk2.debug.xcconfig"; sourceTree = "<group>"; };
		8E09538B265E9D4E005E1F59 /* HomeViewController.swift */ = {isa = PBXFileReference; lastKnownFileType = sourcecode.swift; path = HomeViewController.swift; sourceTree = "<group>"; };
		8E0953AD265EA572005E1F59 /* belgiumLow.svg */ = {isa = PBXFileReference; fileEncoding = 4; lastKnownFileType = text.xml; path = belgiumLow.svg; sourceTree = "<group>"; };
		8E0953B0265FAF6F005E1F59 /* CovidData.swift */ = {isa = PBXFileReference; lastKnownFileType = sourcecode.swift; path = CovidData.swift; sourceTree = "<group>"; };
		8E09762B2662B5DF008ACE8A /* CentrumViewController.swift */ = {isa = PBXFileReference; lastKnownFileType = sourcecode.swift; path = CentrumViewController.swift; sourceTree = "<group>"; };
		8E46AD8A2663AF6C0031557C /* covidFAQ.json */ = {isa = PBXFileReference; fileEncoding = 4; lastKnownFileType = text.json; path = covidFAQ.json; sourceTree = "<group>"; };
		8E46AD8F2663BAE70031557C /* FAQTableViewController.swift */ = {isa = PBXFileReference; lastKnownFileType = sourcecode.swift; path = FAQTableViewController.swift; sourceTree = "<group>"; };
		8ECDA2AA2662790F0019B281 /* FAQViewController.swift */ = {isa = PBXFileReference; lastKnownFileType = sourcecode.swift; path = FAQViewController.swift; sourceTree = "<group>"; };
		8ECDA2AE26627FF40019B281 /* VaccinesViewController.swift */ = {isa = PBXFileReference; lastKnownFileType = sourcecode.swift; path = VaccinesViewController.swift; sourceTree = "<group>"; };
		8EE9340226600243006C87C8 /* Utils.swift */ = {isa = PBXFileReference; lastKnownFileType = sourcecode.swift; path = Utils.swift; sourceTree = "<group>"; };
		8EE9340526612CF2006C87C8 /* ImportDataPopupViewController.swift */ = {isa = PBXFileReference; lastKnownFileType = sourcecode.swift; path = ImportDataPopupViewController.swift; sourceTree = "<group>"; };
		8EF9385E265E83A500B3BE82 /* EhB-IOS-Werkstuk2.app */ = {isa = PBXFileReference; explicitFileType = wrapper.application; includeInIndex = 0; path = "EhB-IOS-Werkstuk2.app"; sourceTree = BUILT_PRODUCTS_DIR; };
		8EF93861265E83A500B3BE82 /* AppDelegate.swift */ = {isa = PBXFileReference; lastKnownFileType = sourcecode.swift; path = AppDelegate.swift; sourceTree = "<group>"; };
		8EF93863265E83A500B3BE82 /* SceneDelegate.swift */ = {isa = PBXFileReference; lastKnownFileType = sourcecode.swift; path = SceneDelegate.swift; sourceTree = "<group>"; };
		8EF93865265E83A500B3BE82 /* RootTabBarController.swift */ = {isa = PBXFileReference; lastKnownFileType = sourcecode.swift; path = RootTabBarController.swift; sourceTree = "<group>"; };
		8EF93868265E83A500B3BE82 /* Base */ = {isa = PBXFileReference; lastKnownFileType = file.storyboard; name = Base; path = Base.lproj/Main.storyboard; sourceTree = "<group>"; };
		8EF9386B265E83A500B3BE82 /* EhB_IOS_Werkstuk2.xcdatamodel */ = {isa = PBXFileReference; lastKnownFileType = wrapper.xcdatamodel; path = EhB_IOS_Werkstuk2.xcdatamodel; sourceTree = "<group>"; };
		8EF9386D265E83A700B3BE82 /* Assets.xcassets */ = {isa = PBXFileReference; lastKnownFileType = folder.assetcatalog; path = Assets.xcassets; sourceTree = "<group>"; };
		8EF93870265E83A700B3BE82 /* Base */ = {isa = PBXFileReference; lastKnownFileType = file.storyboard; name = Base; path = Base.lproj/LaunchScreen.storyboard; sourceTree = "<group>"; };
		8EF93872265E83A700B3BE82 /* Info.plist */ = {isa = PBXFileReference; lastKnownFileType = text.plist.xml; path = Info.plist; sourceTree = "<group>"; };
/* End PBXFileReference section */

/* Begin PBXFrameworksBuildPhase section */
		8EF9385B265E83A500B3BE82 /* Frameworks */ = {
			isa = PBXFrameworksBuildPhase;
			buildActionMask = 2147483647;
			files = (
				43BD7C7624177668AC4BDF96 /* Pods_EhB_IOS_Werkstuk2.framework in Frameworks */,
			);
			runOnlyForDeploymentPostprocessing = 0;
		};
/* End PBXFrameworksBuildPhase section */

/* Begin PBXGroup section */
		18B991C9F99A36107302F269 /* Frameworks */ = {
			isa = PBXGroup;
			children = (
				13F4D8D46EE34113C9900E73 /* Pods_EhB_IOS_Werkstuk2.framework */,
			);
			name = Frameworks;
			sourceTree = "<group>";
		};
		63911FFC1D6DCBBCA6CD078F /* Pods */ = {
			isa = PBXGroup;
			children = (
				4CB152CB7AB265F0E29B17F7 /* Pods-EhB-IOS-Werkstuk2.debug.xcconfig */,
				017F1BB8B52F5CD71D6CC70D /* Pods-EhB-IOS-Werkstuk2.release.xcconfig */,
			);
			path = Pods;
			sourceTree = "<group>";
		};
		8E095391265EA1B4005E1F59 /* Data */ = {
			isa = PBXGroup;
			children = (
				8E46AD8A2663AF6C0031557C /* covidFAQ.json */,
				8E0953AD265EA572005E1F59 /* belgiumLow.svg */,
			);
			path = Data;
			sourceTree = "<group>";
		};
		8EF93855265E83A500B3BE82 = {
			isa = PBXGroup;
			children = (
				8EF93860265E83A500B3BE82 /* EhB-IOS-Werkstuk2 */,
				8EF9385F265E83A500B3BE82 /* Products */,
				63911FFC1D6DCBBCA6CD078F /* Pods */,
				18B991C9F99A36107302F269 /* Frameworks */,
			);
			sourceTree = "<group>";
		};
		8EF9385F265E83A500B3BE82 /* Products */ = {
			isa = PBXGroup;
			children = (
				8EF9385E265E83A500B3BE82 /* EhB-IOS-Werkstuk2.app */,
			);
			name = Products;
			sourceTree = "<group>";
		};
		8EF93860265E83A500B3BE82 /* EhB-IOS-Werkstuk2 */ = {
			isa = PBXGroup;
			children = (
				8E095391265EA1B4005E1F59 /* Data */,
				8EF93861265E83A500B3BE82 /* AppDelegate.swift */,
				8EF93863265E83A500B3BE82 /* SceneDelegate.swift */,
				8EF93865265E83A500B3BE82 /* RootTabBarController.swift */,
				8E09538B265E9D4E005E1F59 /* HomeViewController.swift */,
				8EE9340526612CF2006C87C8 /* ImportDataPopupViewController.swift */,
				8E46AD8F2663BAE70031557C /* FAQTableViewController.swift */,
				8ECDA2AA2662790F0019B281 /* FAQViewController.swift */,
				8ECDA2AE26627FF40019B281 /* VaccinesViewController.swift */,
				8EF93867265E83A500B3BE82 /* Main.storyboard */,
				8EF9386D265E83A700B3BE82 /* Assets.xcassets */,
				8EF9386F265E83A700B3BE82 /* LaunchScreen.storyboard */,
				8EF93872265E83A700B3BE82 /* Info.plist */,
				8EF9386A265E83A500B3BE82 /* EhB_IOS_Werkstuk2.xcdatamodeld */,
				8E0953B0265FAF6F005E1F59 /* CovidData.swift */,
				8EE9340226600243006C87C8 /* Utils.swift */,
				8E09762B2662B5DF008ACE8A /* CentrumViewController.swift */,
			);
			path = "EhB-IOS-Werkstuk2";
			sourceTree = "<group>";
		};
/* End PBXGroup section */

/* Begin PBXNativeTarget section */
		8EF9385D265E83A500B3BE82 /* EhB-IOS-Werkstuk2 */ = {
			isa = PBXNativeTarget;
			buildConfigurationList = 8EF93875265E83A700B3BE82 /* Build configuration list for PBXNativeTarget "EhB-IOS-Werkstuk2" */;
			buildPhases = (
				21F2246E4B981C15C444E93A /* [CP] Check Pods Manifest.lock */,
				8EF9385A265E83A500B3BE82 /* Sources */,
				8EF9385B265E83A500B3BE82 /* Frameworks */,
				8EF9385C265E83A500B3BE82 /* Resources */,
				CD7B50BB6B220C9D3CB31D20 /* [CP] Embed Pods Frameworks */,
			);
			buildRules = (
			);
			dependencies = (
			);
			name = "EhB-IOS-Werkstuk2";
			productName = "EhB-IOS-Werkstuk2";
			productReference = 8EF9385E265E83A500B3BE82 /* EhB-IOS-Werkstuk2.app */;
			productType = "com.apple.product-type.application";
		};
/* End PBXNativeTarget section */

/* Begin PBXProject section */
		8EF93856265E83A500B3BE82 /* Project object */ = {
			isa = PBXProject;
			attributes = {
				LastSwiftUpdateCheck = 1240;
				LastUpgradeCheck = 1240;
				TargetAttributes = {
					8EF9385D265E83A500B3BE82 = {
						CreatedOnToolsVersion = 12.4;
					};
				};
			};
			buildConfigurationList = 8EF93859265E83A500B3BE82 /* Build configuration list for PBXProject "EhB-IOS-Werkstuk2" */;
			compatibilityVersion = "Xcode 9.3";
			developmentRegion = en;
			hasScannedForEncodings = 0;
			knownRegions = (
				en,
				Base,
			);
			mainGroup = 8EF93855265E83A500B3BE82;
			productRefGroup = 8EF9385F265E83A500B3BE82 /* Products */;
			projectDirPath = "";
			projectRoot = "";
			targets = (
				8EF9385D265E83A500B3BE82 /* EhB-IOS-Werkstuk2 */,
			);
		};
/* End PBXProject section */

/* Begin PBXResourcesBuildPhase section */
		8EF9385C265E83A500B3BE82 /* Resources */ = {
			isa = PBXResourcesBuildPhase;
			buildActionMask = 2147483647;
			files = (
				8E0953AE265EA572005E1F59 /* belgiumLow.svg in Resources */,
				8EF93871265E83A700B3BE82 /* LaunchScreen.storyboard in Resources */,
				8EF9386E265E83A700B3BE82 /* Assets.xcassets in Resources */,
				8EF93869265E83A500B3BE82 /* Main.storyboard in Resources */,
				8E46AD8B2663AF6C0031557C /* covidFAQ.json in Resources */,
			);
			runOnlyForDeploymentPostprocessing = 0;
		};
/* End PBXResourcesBuildPhase section */

/* Begin PBXShellScriptBuildPhase section */
		21F2246E4B981C15C444E93A /* [CP] Check Pods Manifest.lock */ = {
			isa = PBXShellScriptBuildPhase;
			buildActionMask = 2147483647;
			files = (
			);
			inputFileListPaths = (
			);
			inputPaths = (
				"${PODS_PODFILE_DIR_PATH}/Podfile.lock",
				"${PODS_ROOT}/Manifest.lock",
			);
			name = "[CP] Check Pods Manifest.lock";
			outputFileListPaths = (
			);
			outputPaths = (
				"$(DERIVED_FILE_DIR)/Pods-EhB-IOS-Werkstuk2-checkManifestLockResult.txt",
			);
			runOnlyForDeploymentPostprocessing = 0;
			shellPath = /bin/sh;
			shellScript = "diff \"${PODS_PODFILE_DIR_PATH}/Podfile.lock\" \"${PODS_ROOT}/Manifest.lock\" > /dev/null\nif [ $? != 0 ] ; then\n    # print error to STDERR\n    echo \"error: The sandbox is not in sync with the Podfile.lock. Run 'pod install' or update your CocoaPods installation.\" >&2\n    exit 1\nfi\n# This output is used by Xcode 'outputs' to avoid re-running this script phase.\necho \"SUCCESS\" > \"${SCRIPT_OUTPUT_FILE_0}\"\n";
			showEnvVarsInLog = 0;
		};
		CD7B50BB6B220C9D3CB31D20 /* [CP] Embed Pods Frameworks */ = {
			isa = PBXShellScriptBuildPhase;
			buildActionMask = 2147483647;
			files = (
			);
			inputFileListPaths = (
				"${PODS_ROOT}/Target Support Files/Pods-EhB-IOS-Werkstuk2/Pods-EhB-IOS-Werkstuk2-frameworks-${CONFIGURATION}-input-files.xcfilelist",
			);
			name = "[CP] Embed Pods Frameworks";
			outputFileListPaths = (
				"${PODS_ROOT}/Target Support Files/Pods-EhB-IOS-Werkstuk2/Pods-EhB-IOS-Werkstuk2-frameworks-${CONFIGURATION}-output-files.xcfilelist",
			);
			runOnlyForDeploymentPostprocessing = 0;
			shellPath = /bin/sh;
			shellScript = "\"${PODS_ROOT}/Target Support Files/Pods-EhB-IOS-Werkstuk2/Pods-EhB-IOS-Werkstuk2-frameworks.sh\"\n";
			showEnvVarsInLog = 0;
		};
/* End PBXShellScriptBuildPhase section */

/* Begin PBXSourcesBuildPhase section */
		8EF9385A265E83A500B3BE82 /* Sources */ = {
			isa = PBXSourcesBuildPhase;
			buildActionMask = 2147483647;
			files = (
				8E09538C265E9D4E005E1F59 /* HomeViewController.swift in Sources */,
				8ECDA2AB2662790F0019B281 /* FAQViewController.swift in Sources */,
				8ECDA2AF26627FF40019B281 /* VaccinesViewController.swift in Sources */,
				8EF9386C265E83A500B3BE82 /* EhB_IOS_Werkstuk2.xcdatamodeld in Sources */,
				8E09762C2662B5DF008ACE8A /* CentrumViewController.swift in Sources */,
				8EF93866265E83A500B3BE82 /* RootTabBarController.swift in Sources */,
				8EE9340326600243006C87C8 /* Utils.swift in Sources */,
				8E0953B1265FAF6F005E1F59 /* CovidData.swift in Sources */,
				8EF93862265E83A500B3BE82 /* AppDelegate.swift in Sources */,
				8EE9340626612CF2006C87C8 /* ImportDataPopupViewController.swift in Sources */,
				8E46AD902663BAE70031557C /* FAQTableViewController.swift in Sources */,
				8EF93864265E83A500B3BE82 /* SceneDelegate.swift in Sources */,
			);
			runOnlyForDeploymentPostprocessing = 0;
		};
/* End PBXSourcesBuildPhase section */

/* Begin PBXVariantGroup section */
		8EF93867265E83A500B3BE82 /* Main.storyboard */ = {
			isa = PBXVariantGroup;
			children = (
				8EF93868265E83A500B3BE82 /* Base */,
			);
			name = Main.storyboard;
			sourceTree = "<group>";
		};
		8EF9386F265E83A700B3BE82 /* LaunchScreen.storyboard */ = {
			isa = PBXVariantGroup;
			children = (
				8EF93870265E83A700B3BE82 /* Base */,
			);
			name = LaunchScreen.storyboard;
			sourceTree = "<group>";
		};
/* End PBXVariantGroup section */

/* Begin XCBuildConfiguration section */
		8EF93873265E83A700B3BE82 /* Debug */ = {
			isa = XCBuildConfiguration;
			buildSettings = {
				ALWAYS_SEARCH_USER_PATHS = NO;
				CLANG_ANALYZER_NONNULL = YES;
				CLANG_ANALYZER_NUMBER_OBJECT_CONVERSION = YES_AGGRESSIVE;
				CLANG_CXX_LANGUAGE_STANDARD = "gnu++14";
				CLANG_CXX_LIBRARY = "libc++";
				CLANG_ENABLE_MODULES = YES;
				CLANG_ENABLE_OBJC_ARC = YES;
				CLANG_ENABLE_OBJC_WEAK = YES;
				CLANG_WARN_BLOCK_CAPTURE_AUTORELEASING = YES;
				CLANG_WARN_BOOL_CONVERSION = YES;
				CLANG_WARN_COMMA = YES;
				CLANG_WARN_CONSTANT_CONVERSION = YES;
				CLANG_WARN_DEPRECATED_OBJC_IMPLEMENTATIONS = YES;
				CLANG_WARN_DIRECT_OBJC_ISA_USAGE = YES_ERROR;
				CLANG_WARN_DOCUMENTATION_COMMENTS = YES;
				CLANG_WARN_EMPTY_BODY = YES;
				CLANG_WARN_ENUM_CONVERSION = YES;
				CLANG_WARN_INFINITE_RECURSION = YES;
				CLANG_WARN_INT_CONVERSION = YES;
				CLANG_WARN_NON_LITERAL_NULL_CONVERSION = YES;
				CLANG_WARN_OBJC_IMPLICIT_RETAIN_SELF = YES;
				CLANG_WARN_OBJC_LITERAL_CONVERSION = YES;
				CLANG_WARN_OBJC_ROOT_CLASS = YES_ERROR;
				CLANG_WARN_QUOTED_INCLUDE_IN_FRAMEWORK_HEADER = YES;
				CLANG_WARN_RANGE_LOOP_ANALYSIS = YES;
				CLANG_WARN_STRICT_PROTOTYPES = YES;
				CLANG_WARN_SUSPICIOUS_MOVE = YES;
				CLANG_WARN_UNGUARDED_AVAILABILITY = YES_AGGRESSIVE;
				CLANG_WARN_UNREACHABLE_CODE = YES;
				CLANG_WARN__DUPLICATE_METHOD_MATCH = YES;
				COPY_PHASE_STRIP = NO;
				DEBUG_INFORMATION_FORMAT = dwarf;
				ENABLE_STRICT_OBJC_MSGSEND = YES;
				ENABLE_TESTABILITY = YES;
				GCC_C_LANGUAGE_STANDARD = gnu11;
				GCC_DYNAMIC_NO_PIC = NO;
				GCC_NO_COMMON_BLOCKS = YES;
				GCC_OPTIMIZATION_LEVEL = 0;
				GCC_PREPROCESSOR_DEFINITIONS = (
					"DEBUG=1",
					"$(inherited)",
				);
				GCC_WARN_64_TO_32_BIT_CONVERSION = YES;
				GCC_WARN_ABOUT_RETURN_TYPE = YES_ERROR;
				GCC_WARN_UNDECLARED_SELECTOR = YES;
				GCC_WARN_UNINITIALIZED_AUTOS = YES_AGGRESSIVE;
				GCC_WARN_UNUSED_FUNCTION = YES;
				GCC_WARN_UNUSED_VARIABLE = YES;
				IPHONEOS_DEPLOYMENT_TARGET = 14.4;
				MTL_ENABLE_DEBUG_INFO = INCLUDE_SOURCE;
				MTL_FAST_MATH = YES;
				ONLY_ACTIVE_ARCH = YES;
				SDKROOT = iphoneos;
				SWIFT_ACTIVE_COMPILATION_CONDITIONS = DEBUG;
				SWIFT_OPTIMIZATION_LEVEL = "-Onone";
			};
			name = Debug;
		};
		8EF93874265E83A700B3BE82 /* Release */ = {
			isa = XCBuildConfiguration;
			buildSettings = {
				ALWAYS_SEARCH_USER_PATHS = NO;
				CLANG_ANALYZER_NONNULL = YES;
				CLANG_ANALYZER_NUMBER_OBJECT_CONVERSION = YES_AGGRESSIVE;
				CLANG_CXX_LANGUAGE_STANDARD = "gnu++14";
				CLANG_CXX_LIBRARY = "libc++";
				CLANG_ENABLE_MODULES = YES;
				CLANG_ENABLE_OBJC_ARC = YES;
				CLANG_ENABLE_OBJC_WEAK = YES;
				CLANG_WARN_BLOCK_CAPTURE_AUTORELEASING = YES;
				CLANG_WARN_BOOL_CONVERSION = YES;
				CLANG_WARN_COMMA = YES;
				CLANG_WARN_CONSTANT_CONVERSION = YES;
				CLANG_WARN_DEPRECATED_OBJC_IMPLEMENTATIONS = YES;
				CLANG_WARN_DIRECT_OBJC_ISA_USAGE = YES_ERROR;
				CLANG_WARN_DOCUMENTATION_COMMENTS = YES;
				CLANG_WARN_EMPTY_BODY = YES;
				CLANG_WARN_ENUM_CONVERSION = YES;
				CLANG_WARN_INFINITE_RECURSION = YES;
				CLANG_WARN_INT_CONVERSION = YES;
				CLANG_WARN_NON_LITERAL_NULL_CONVERSION = YES;
				CLANG_WARN_OBJC_IMPLICIT_RETAIN_SELF = YES;
				CLANG_WARN_OBJC_LITERAL_CONVERSION = YES;
				CLANG_WARN_OBJC_ROOT_CLASS = YES_ERROR;
				CLANG_WARN_QUOTED_INCLUDE_IN_FRAMEWORK_HEADER = YES;
				CLANG_WARN_RANGE_LOOP_ANALYSIS = YES;
				CLANG_WARN_STRICT_PROTOTYPES = YES;
				CLANG_WARN_SUSPICIOUS_MOVE = YES;
				CLANG_WARN_UNGUARDED_AVAILABILITY = YES_AGGRESSIVE;
				CLANG_WARN_UNREACHABLE_CODE = YES;
				CLANG_WARN__DUPLICATE_METHOD_MATCH = YES;
				COPY_PHASE_STRIP = NO;
				DEBUG_INFORMATION_FORMAT = "dwarf-with-dsym";
				ENABLE_NS_ASSERTIONS = NO;
				ENABLE_STRICT_OBJC_MSGSEND = YES;
				GCC_C_LANGUAGE_STANDARD = gnu11;
				GCC_NO_COMMON_BLOCKS = YES;
				GCC_WARN_64_TO_32_BIT_CONVERSION = YES;
				GCC_WARN_ABOUT_RETURN_TYPE = YES_ERROR;
				GCC_WARN_UNDECLARED_SELECTOR = YES;
				GCC_WARN_UNINITIALIZED_AUTOS = YES_AGGRESSIVE;
				GCC_WARN_UNUSED_FUNCTION = YES;
				GCC_WARN_UNUSED_VARIABLE = YES;
				IPHONEOS_DEPLOYMENT_TARGET = 14.4;
				MTL_ENABLE_DEBUG_INFO = NO;
				MTL_FAST_MATH = YES;
				SDKROOT = iphoneos;
				SWIFT_COMPILATION_MODE = wholemodule;
				SWIFT_OPTIMIZATION_LEVEL = "-O";
				VALIDATE_PRODUCT = YES;
			};
			name = Release;
		};
		8EF93876265E83A700B3BE82 /* Debug */ = {
			isa = XCBuildConfiguration;
			baseConfigurationReference = 4CB152CB7AB265F0E29B17F7 /* Pods-EhB-IOS-Werkstuk2.debug.xcconfig */;
			buildSettings = {
				ASSETCATALOG_COMPILER_APPICON_NAME = AppIcon;
				ASSETCATALOG_COMPILER_GLOBAL_ACCENT_COLOR_NAME = AccentColor;
				CODE_SIGN_STYLE = Automatic;
				DEVELOPMENT_TEAM = F8GW5PZ3WC;
				INFOPLIST_FILE = "EhB-IOS-Werkstuk2/Info.plist";
				LD_RUNPATH_SEARCH_PATHS = (
					"$(inherited)",
					"@executable_path/Frameworks",
				);
				PRODUCT_BUNDLE_IDENTIFIER = "ArthurVR.EhB-IOS-Werkstuk2";
				PRODUCT_NAME = "$(TARGET_NAME)";
				SWIFT_VERSION = 5.0;
				TARGETED_DEVICE_FAMILY = "1,2";
			};
			name = Debug;
		};
		8EF93877265E83A700B3BE82 /* Release */ = {
			isa = XCBuildConfiguration;
			baseConfigurationReference = 017F1BB8B52F5CD71D6CC70D /* Pods-EhB-IOS-Werkstuk2.release.xcconfig */;
			buildSettings = {
				ASSETCATALOG_COMPILER_APPICON_NAME = AppIcon;
				ASSETCATALOG_COMPILER_GLOBAL_ACCENT_COLOR_NAME = AccentColor;
				CODE_SIGN_STYLE = Automatic;
				DEVELOPMENT_TEAM = F8GW5PZ3WC;
				INFOPLIST_FILE = "EhB-IOS-Werkstuk2/Info.plist";
				LD_RUNPATH_SEARCH_PATHS = (
					"$(inherited)",
					"@executable_path/Frameworks",
				);
				PRODUCT_BUNDLE_IDENTIFIER = "ArthurVR.EhB-IOS-Werkstuk2";
				PRODUCT_NAME = "$(TARGET_NAME)";
				SWIFT_VERSION = 5.0;
				TARGETED_DEVICE_FAMILY = "1,2";
			};
			name = Release;
		};
/* End XCBuildConfiguration section */

/* Begin XCConfigurationList section */
		8EF93859265E83A500B3BE82 /* Build configuration list for PBXProject "EhB-IOS-Werkstuk2" */ = {
			isa = XCConfigurationList;
			buildConfigurations = (
				8EF93873265E83A700B3BE82 /* Debug */,
				8EF93874265E83A700B3BE82 /* Release */,
			);
			defaultConfigurationIsVisible = 0;
			defaultConfigurationName = Release;
		};
		8EF93875265E83A700B3BE82 /* Build configuration list for PBXNativeTarget "EhB-IOS-Werkstuk2" */ = {
			isa = XCConfigurationList;
			buildConfigurations = (
				8EF93876265E83A700B3BE82 /* Debug */,
				8EF93877265E83A700B3BE82 /* Release */,
			);
			defaultConfigurationIsVisible = 0;
			defaultConfigurationName = Release;
		};
/* End XCConfigurationList section */

/* Begin XCVersionGroup section */
		8EF9386A265E83A500B3BE82 /* EhB_IOS_Werkstuk2.xcdatamodeld */ = {
			isa = XCVersionGroup;
			children = (
				8EF9386B265E83A500B3BE82 /* EhB_IOS_Werkstuk2.xcdatamodel */,
			);
			currentVersion = 8EF9386B265E83A500B3BE82 /* EhB_IOS_Werkstuk2.xcdatamodel */;
			path = EhB_IOS_Werkstuk2.xcdatamodeld;
			sourceTree = "<group>";
			versionGroupType = wrapper.xcdatamodel;
		};
/* End XCVersionGroup section */
	};
	rootObject = 8EF93856265E83A500B3BE82 /* Project object */;
}
